
Microsoft Visual Studio Solution File, Format Version 11.00
# Visual Studio 2010
Project("{FAE04EC0-301F-11D3-BF4B-00C04F79EFBC}") = "GraduationTest", "Assembly-CSharp.csproj", "{0122E27E-7910-6386-B1BB-2F6EEF0C1CDC}"
EndProject
Global
	GlobalSection(SolutionConfigurationPlatforms) = preSolution
		Debug|Any CPU = Debug|Any CPU
		Release|Any CPU = Release|Any CPU
	EndGlobalSection
	GlobalSection(ProjectConfigurationPlatforms) = postSolution
		{0122E27E-7910-6386-B1BB-2F6EEF0C1CDC}.Debug|Any CPU.ActiveCfg = Debug|Any CPU
		{0122E27E-7910-6386-B1BB-2F6EEF0C1CDC}.Debug|Any CPU.Build.0 = Debug|Any CPU
		{0122E27E-7910-6386-B1BB-2F6EEF0C1CDC}.Release|Any CPU.ActiveCfg = Release|Any CPU
		{0122E27E-7910-6386-B1BB-2F6EEF0C1CDC}.Release|Any CPU.Build.0 = Release|Any CPU
	EndGlobalSection
	GlobalSection(SolutionProperties) = preSolution
		HideSolutionNode = FALSE
	EndGlobalSection
	GlobalSection(MonoDevelopProperties) = preSolution
		StartupItem = Assembly-CSharp.csproj
	EndGlobalSection
EndGlobal
